
Microsoft Visual Studio Solution File, Format Version 12.00
# Visual Studio 15
VisualStudioVersion = 15.0.28307.421
MinimumVisualStudioVersion = 10.0.40219.1
Project("{9A19103F-16F7-4668-BE54-9A1E7A4F7556}") = "SnakesAndLadder", "SnakesAndLadder\SnakesAndLadder.csproj", "{EF9A571E-F551-41FE-B022-A51FCBAB8F71}"
EndProject
Project("{9A19103F-16F7-4668-BE54-9A1E7A4F7556}") = "SnakesAndLadder.Abstractions", "SnakesAndLadder.Abstractions\SnakesAndLadder.Abstractions.csproj", "{B24247F9-420D-4BB2-B558-0418842D9863}"
EndProject
Project("{2150E333-8FDC-42A3-9474-1A3956D46DE8}") = "Tests", "Tests", "{4C1A315C-1767-4DEE-851C-B39C048D41C3}"
EndProject
Project("{9A19103F-16F7-4668-BE54-9A1E7A4F7556}") = "SnakesAndLadder.Services", "SnakesAndLadder.Services\SnakesAndLadder.Services.csproj", "{0223A78D-8459-47D4-831F-673A7E257B5F}"
EndProject
Project("{9A19103F-16F7-4668-BE54-9A1E7A4F7556}") = "SnakesAndLadder.Models", "SnakesAndLadder.Models\SnakesAndLadder.Models.csproj", "{67ABF5FE-18C4-483A-B4E4-9491FB193CDD}"
EndProject
Project("{FAE04EC0-301F-11D3-BF4B-00C04F79EFBC}") = "SnakesAndLadder.Tests", "SnakesAndLadder.Tests\SnakesAndLadder.Tests.csproj", "{04E446FD-A274-4D1B-9B55-4E5E8645FB8F}"
EndProject
Global
	GlobalSection(SolutionConfigurationPlatforms) = preSolution
		Debug|Any CPU = Debug|Any CPU
		Release|Any CPU = Release|Any CPU
	EndGlobalSection
	GlobalSection(ProjectConfigurationPlatforms) = postSolution
		{EF9A571E-F551-41FE-B022-A51FCBAB8F71}.Debug|Any CPU.ActiveCfg = Debug|Any CPU
		{EF9A571E-F551-41FE-B022-A51FCBAB8F71}.Debug|Any CPU.Build.0 = Debug|Any CPU
		{EF9A571E-F551-41FE-B022-A51FCBAB8F71}.Release|Any CPU.ActiveCfg = Release|Any CPU
		{EF9A571E-F551-41FE-B022-A51FCBAB8F71}.Release|Any CPU.Build.0 = Release|Any CPU
		{B24247F9-420D-4BB2-B558-0418842D9863}.Debug|Any CPU.ActiveCfg = Debug|Any CPU
		{B24247F9-420D-4BB2-B558-0418842D9863}.Debug|Any CPU.Build.0 = Debug|Any CPU
		{B24247F9-420D-4BB2-B558-0418842D9863}.Release|Any CPU.ActiveCfg = Release|Any CPU
		{B24247F9-420D-4BB2-B558-0418842D9863}.Release|Any CPU.Build.0 = Release|Any CPU
		{0223A78D-8459-47D4-831F-673A7E257B5F}.Debug|Any CPU.ActiveCfg = Debug|Any CPU
		{0223A78D-8459-47D4-831F-673A7E257B5F}.Debug|Any CPU.Build.0 = Debug|Any CPU
		{0223A78D-8459-47D4-831F-673A7E257B5F}.Release|Any CPU.ActiveCfg = Release|Any CPU
		{0223A78D-8459-47D4-831F-673A7E257B5F}.Release|Any CPU.Build.0 = Release|Any CPU
		{67ABF5FE-18C4-483A-B4E4-9491FB193CDD}.Debug|Any CPU.ActiveCfg = Debug|Any CPU
		{67ABF5FE-18C4-483A-B4E4-9491FB193CDD}.Debug|Any CPU.Build.0 = Debug|Any CPU
		{67ABF5FE-18C4-483A-B4E4-9491FB193CDD}.Release|Any CPU.ActiveCfg = Release|Any CPU
		{67ABF5FE-18C4-483A-B4E4-9491FB193CDD}.Release|Any CPU.Build.0 = Release|Any CPU
		{04E446FD-A274-4D1B-9B55-4E5E8645FB8F}.Debug|Any CPU.ActiveCfg = Debug|Any CPU
		{04E446FD-A274-4D1B-9B55-4E5E8645FB8F}.Debug|Any CPU.Build.0 = Debug|Any CPU
		{04E446FD-A274-4D1B-9B55-4E5E8645FB8F}.Release|Any CPU.ActiveCfg = Release|Any CPU
		{04E446FD-A274-4D1B-9B55-4E5E8645FB8F}.Release|Any CPU.Build.0 = Release|Any CPU
	EndGlobalSection
	GlobalSection(SolutionProperties) = preSolution
		HideSolutionNode = FALSE
	EndGlobalSection
	GlobalSection(NestedProjects) = preSolution
		{04E446FD-A274-4D1B-9B55-4E5E8645FB8F} = {4C1A315C-1767-4DEE-851C-B39C048D41C3}
	EndGlobalSection
	GlobalSection(ExtensibilityGlobals) = postSolution
		SolutionGuid = {E65E745E-28C0-4CBE-9D56-54790F0EC2D3}
	EndGlobalSection
EndGlobal
